
Microsoft Visual Studio Solution File, Format Version 12.00
# Visual Studio Version 17
VisualStudioVersion = 17.13.35931.197 d17.13
MinimumVisualStudioVersion = 10.0.40219.1
Project("{FAE04EC0-301F-11D3-BF4B-00C04F79EFBC}") = "TaskbarGTD", "TaskbarGTD\TaskbarGTD.csproj", "{FF3BFA7B-0ECA-46ED-9EE0-C7DF2F1BB942}"
EndProject
Global
	GlobalSection(SolutionConfigurationPlatforms) = preSolution
		Debug|Any CPU = Debug|Any CPU
		Release|Any CPU = Release|Any CPU
	EndGlobalSection
	GlobalSection(ProjectConfigurationPlatforms) = postSolution
		{FF3BFA7B-0ECA-46ED-9EE0-C7DF2F1BB942}.Debug|Any CPU.ActiveCfg = Debug|Any CPU
		{FF3BFA7B-0ECA-46ED-9EE0-C7DF2F1BB942}.Debug|Any CPU.Build.0 = Debug|Any CPU
		{FF3BFA7B-0ECA-46ED-9EE0-C7DF2F1BB942}.Release|Any CPU.ActiveCfg = Release|Any CPU
		{FF3BFA7B-0ECA-46ED-9EE0-C7DF2F1BB942}.Release|Any CPU.Build.0 = Release|Any CPU
	EndGlobalSection
	GlobalSection(SolutionProperties) = preSolution
		HideSolutionNode = FALSE
	EndGlobalSection
	GlobalSection(ExtensibilityGlobals) = postSolution
		SolutionGuid = {7C9FD5A1-BBEE-45C9-A246-3C12673C059F}
	EndGlobalSection
EndGlobal
